{
  "requires": true,
  "lockfileVersion": 1,
  "dependencies": {
    "lodash.chunk": {
      "version": "4.2.0",
      "resolved": "https://registry.npmjs.org/lodash.chunk/-/lodash.chunk-4.2.0.tgz",
      "integrity": "sha1-ZuXOH3btJ7QwPYxlEujRIW6BBrw="
    },
    "lodash.set": {
      "version": "4.3.2",
      "resolved": "https://registry.npmjs.org/lodash.set/-/lodash.set-4.3.2.tgz",
      "integrity": "sha1-2HV7HagH3eJIFrDWqEvqGnYjCyM="
    },
    "semver": {
      "version": "5.7.1",
      "resolved": "https://registry.npmjs.org/semver/-/semver-5.7.1.tgz",
      "integrity": "sha512-sauaDf/PZdVgrLTNYHRtpXa1iRiKcaebiKQ1BJdpQlWH2lCvexQdX55snPFyK7QzpudqbCI0qXFfOasHdyNDGQ=="
    },
    "serverless-plugin-lambda-warmup": {
      "version": "1.0.1",
      "resolved": "https://registry.npmjs.org/serverless-plugin-lambda-warmup/-/serverless-plugin-lambda-warmup-1.0.1.tgz",
      "integrity": "sha1-ju7UH82TvFa+5lxEd50b5x7XiJk=",
      "requires": {
        "lodash.chunk": "^4.2.0",
        "lodash.set": "^4.3.2",
        "semver": "^5.4.1"
      }
    }
  }
}
